{
  "name": "Zenn",
  "version": "1.0.0",
  "lockfileVersion": 3,
  "requires": true,
  "packages": {
    "": {
      "name": "Zenn",
      "version": "1.0.0",
      "license": "ISC",
      "dependencies": {
        "zenn-cli": "^0.1.155"
      }
    },
    "node_modules/zenn-cli": {
      "version": "0.1.157",
      "resolved": "https://registry.npmjs.org/zenn-cli/-/zenn-cli-0.1.157.tgz",
      "integrity": "sha512-df1JPOwdf3r9dH3YvgiAzfPZllzSB140uXB3EaDtVvxGaDQ2pMsrqaHkhFM6TIAk5KkVX4afN3K4RUwL+S1gKw==",
      "license": "MIT",
      "bin": {
        "zenn": "dist/server/zenn.js"
      },
      "engines": {
        "node": ">=14.0.0"
      }
    }
  }
}
